buf.build/gen/go/bufbuild/protovalidate/protocolbuffers/go v1.36.11-20260415201107-50325440f8f2.1 h1:s6hzCXtND/ICdGPTMGk7C+/BFlr2Jg5GyH0NKf4XGXg=
buf.build/gen/go/bufbuild/protovalidate/protocolbuffers/go v1.36.11-20260415201107-50325440f8f2.1/go.mod h1:tvtbpgaVXZX4g6Pn+AnzFycuRK3MOz5HJfEGeEllXYM=
buf.build/gen/go/fjarm/fjarm/connectrpc/go v1.20.0-20260119201229-18b1fd639031.1 h1:kHPV0juhSYsZ6gZoFUDDViJbw6bIfSnYzEgsf+RtlMA=
buf.build/gen/go/fjarm/fjarm/connectrpc/go v1.20.0-20260119201229-18b1fd639031.1/go.mod h1:8g29ucLDFl3eSoNGss6t/tgvHDu80SOCxrSHfDt2n/Q=
buf.build/gen/go/fjarm/fjarm/protocolbuffers/go v1.36.11-20260119201229-18b1fd639031.1 h1:smroKDiiWvZh9dsOpyKZcMMU7ZJAt0EvVl/QtrySo2o=
buf.build/gen/go/fjarm/fjarm/protocolbuffers/go v1.36.11-20260119201229-18b1fd639031.1/go.mod h1:A7wFw20Tr7925YtqerVLZSp7Ge6JKJNBtqLrdVp4NU8=
buf.build/go/protovalidate v1.2.0 h1:DQVrUWkmGTBij+kOYv/x2LLxwcLaGKMdzShj1/6/3H0=
buf.build/go/protovalidate v1.2.0/go.mod h1:7rYiQEhqvAipoazpVNBBH2S2f8bjG4huMVy1V2Yofn4=
cel.dev/expr v0.25.1 h1:1KrZg61W6TWSxuNZ37Xy49ps13NUovb66QLprthtwi4=
cel.dev/expr v0.25.1/go.mod h1:hrXvqGP6G6gyx8UAHSHJ5RGk//1Oj5nXQ2NI02Nrsg4=
connectrpc.com/connect v1.20.0 h1:6TNDAB+WeNd2uolWNlYczB5E0KNNaVMNUEx8JEUsPmQ=
connectrpc.com/connect v1.20.0/go.mod h1:A2ygJrukXwWy32vkCAAHNVguZrqZ+jeZ9rGRnGR4dN4=
github.com/antlr4-go/antlr/v4 v4.13.1 h1:SqQKkuVZ+zWkMMNkjy5FZe5mr5WURWnlpmOuzYWrPrQ=
github.com/antlr4-go/antlr/v4 v4.13.1/go.mod h1:GKmUxMtwp6ZgGwZSva4eWPC5mS6vUAmOABFgjdkM7Nw=
github.com/brianvoe/gofakeit/v6 v6.28.0 h1:Xib46XXuQfmlLS2EXRuJpqcw8St6qSZz75OUo0tgAW4=
github.com/brianvoe/gofakeit/v6 v6.28.0/go.mod h1:Xj58BMSnFqcn/fAQeSK+/PLtC5kSb7FJIq4JyGa8vEs=
github.com/davecgh/go-spew v1.1.1 h1:vj9j/u1bqnvCEfJOwUhtlOARqs3+rkHYY13jYWTU97c=
github.com/davecgh/go-spew v1.1.1/go.mod h1:J7Y8YcW2NihsgmVo/mv3lAwl/skON4iLHjSsI+c5H38=
github.com/google/cel-go v0.28.0 h1:KjSWstCpz/MN5t4a8gnGJNIYUsJRpdi/r97xWDphIQc=
github.com/google/cel-go v0.28.0/go.mod h1:X0bD6iVNR8pkROSOoHVdgTkzmRcosof7WQqCD6wcMc8=
github.com/google/go-cmp v0.7.0 h1:wk8382ETsv4JYUZwIsn6YpYiWiBsYLSJiTsyBybVuN8=
github.com/google/go-cmp v0.7.0/go.mod h1:pXiqmnSA92OHEEa9HXL2W4E7lf9JzCmGVUdgjX3N/iU=
github.com/google/uuid v1.6.0 h1:NIvaJDMOsjHA8n1jAhLSgzrAzy1Hgr+hNrb57e+94F0=
github.com/google/uuid v1.6.0/go.mod h1:TIyPZe4MgqvfeYDBFedMoGGpEw/LqOeaOT+nhxU+yHo=
github.com/onsi/gomega v1.39.1 h1:1IJLAad4zjPn2PsnhH70V4DKRFlrCzGBNrNaru+Vf28=
github.com/onsi/gomega v1.39.1/go.mod h1:hL6yVALoTOxeWudERyfppUcZXjMwIMLnuSfruD2lcfg=
github.com/pmezard/go-difflib v1.0.0 h1:4DBwDE0NGyQoBHbLQYPwSUPoCMWR5BEzIk/f1lZbAQM=
github.com/pmezard/go-difflib v1.0.0/go.mod h1:iKH77koFhYxTK1pcRnkKkqfTogsbg7gZNVY4sRDYZ/4=
github.com/redis/rueidis v1.0.76 h1:RdDWuvlYBSp+bTrBvaXqJnNEL3VVzsnjo+0psPFgLc4=
github.com/redis/rueidis v1.0.76/go.mod h1:UsfHPSbomB6QAVMk4iiFkzRy0nh9o7scDGa+SitvBY4=
github.com/rodaine/protogofakeit v0.1.1 h1:ZKouljuRM3A+TArppfBqnH8tGZHOwM/pjvtXe9DaXH8=
github.com/rodaine/protogofakeit v0.1.1/go.mod h1:pXn/AstBYMaSfc1/RqH3N82pBuxtWgejz1AlYpY1mI0=
github.com/stretchr/testify v1.11.1 h1:7s2iGBzp5EwR7/aIZr8ao5+dra3wiQyKjjFuvgVKu7U=
github.com/stretchr/testify v1.11.1/go.mod h1:wZwfW3scLgRK+23gO65QZefKpKQRnfz6sD981Nm4B6U=
go.yaml.in/yaml/v3 v3.0.4 h1:tfq32ie2Jv2UxXFdLJdh3jXuOzWiL1fo0bu/FbuKpbc=
go.yaml.in/yaml/v3 v3.0.4/go.mod h1:DhzuOOF2ATzADvBadXxruRBLzYTpT36CKvDb3+aBEFg=
golang.org/x/crypto v0.53.0 h1:QZ4Muo8THX6CizN2vPPd5fBGHyogrdK9fG4wLPFUsto=
golang.org/x/crypto v0.53.0/go.mod h1:DNLU434OwVakk9PzuwV8w62mAJpRJL3vsgcfp4Qnsio=
golang.org/x/exp v0.0.0-20260312153236-7ab1446f8b90 h1:jiDhWWeC7jfWqR9c/uplMOqJ0sbNlNWv0UkzE0vX1MA=
golang.org/x/exp v0.0.0-20260312153236-7ab1446f8b90/go.mod h1:xE1HEv6b+1SCZ5/uscMRjUBKtIxworgEcEi+/n9NQDQ=
golang.org/x/net v0.55.0 h1:bcvxaJn3e1U6InsFWt1JUq1aSjnRxLzT2rtD2KfkDF8=
golang.org/x/net v0.55.0/go.mod h1:L5U2KuzuOe1lY7Z+aWVIKK6qEeJXnXV9yzGA+WCHJww=
golang.org/x/sys v0.46.0 h1:noSf2Fq6F8DBgS+LysIkx7rIExoNHJsxOAtPp4rthXw=
golang.org/x/sys v0.46.0/go.mod h1:4GL1E5IUh+htKOUEOaiffhrAeqysfVGipDYzABqnCmw=
golang.org/x/text v0.38.0 h1:sXmwo9DwP3OK9EZ7PqAdaooSGozfl/3a6/xJcbzPRhE=
golang.org/x/text v0.38.0/go.mod h1:YXZt3QhHUKYT53r2lLKFIVi6Ao1jdzrTR/KQ09qyxF4=
google.golang.org/genproto/googleapis/api v0.0.0-20260401001100-f93e5f3e9f0f h1:K3zPU40OFjwD5YKADLMLoiL0L7JJpBgEdLqGuCNPfp0=
google.golang.org/genproto/googleapis/api v0.0.0-20260401001100-f93e5f3e9f0f/go.mod h1:EIQZ5bFCfRQDV4MhRle7+OgjNtZ6P1PiZBgAKuxXu/Y=
google.golang.org/genproto/googleapis/rpc v0.0.0-20260401001100-f93e5f3e9f0f h1:Rka45QInERYknkHYfJEPBQaoobXl+YpxTMjAKgWUq2A=
google.golang.org/genproto/googleapis/rpc v0.0.0-20260401001100-f93e5f3e9f0f/go.mod h1:4Hqkh8ycfw05ld/3BWL7rJOSfebL2Q+DVDeRgYgxUU8=
google.golang.org/protobuf v1.36.11 h1:fV6ZwhNocDyBLK0dj+fg8ektcVegBBuEolpbTQyBNVE=
google.golang.org/protobuf v1.36.11/go.mod h1:HTf+CrKn2C3g5S8VImy6tdcUvCska2kB7j23XfzDpco=
gopkg.in/yaml.v3 v3.0.1 h1:fxVm/GzAzEWqLHuvctI91KS9hhNmmWOoWu0XTYJS7CA=
gopkg.in/yaml.v3 v3.0.1/go.mod h1:K4uyk7z7BCEPqu6E+C64Yfv1cQ7kz7rIZviUmN+EgEM=
